
Microsoft Visual Studio Solution File, Format Version 12.00
# Visual Studio Version 17
VisualStudioVersion = 17.0.32014.148
MinimumVisualStudioVersion = 10.0.40219.1
Project("{FAE04EC0-301F-11D3-BF4B-00C04F79EFBC}") = "ThreadSynchronization", "ThreadSynchronization\ThreadSynchronization.csproj", "{5C777AE9-7E95-4873-BC09-EDB9A5DA3918}"
EndProject
Global
	GlobalSection(SolutionConfigurationPlatforms) = preSolution
		Debug|Any CPU = Debug|Any CPU
		Release|Any CPU = Release|Any CPU
	EndGlobalSection
	GlobalSection(ProjectConfigurationPlatforms) = postSolution
		{5C777AE9-7E95-4873-BC09-EDB9A5DA3918}.Debug|Any CPU.ActiveCfg = Debug|Any CPU
		{5C777AE9-7E95-4873-BC09-EDB9A5DA3918}.Debug|Any CPU.Build.0 = Debug|Any CPU
		{5C777AE9-7E95-4873-BC09-EDB9A5DA3918}.Release|Any CPU.ActiveCfg = Release|Any CPU
		{5C777AE9-7E95-4873-BC09-EDB9A5DA3918}.Release|Any CPU.Build.0 = Release|Any CPU
	EndGlobalSection
	GlobalSection(SolutionProperties) = preSolution
		HideSolutionNode = FALSE
	EndGlobalSection
	GlobalSection(ExtensibilityGlobals) = postSolution
		SolutionGuid = {C44CBD1E-8D0F-43EB-9494-F290E122BA68}
	EndGlobalSection
EndGlobal
